{
  "name": "watering",
  "version": "1.0.0",
  "lockfileVersion": 1,
  "requires": true,
  "dependencies": {
    "onoff": {
      "version": "3.2.1",
      "resolved": "https://registry.npmjs.org/onoff/-/onoff-3.2.1.tgz",
      "integrity": "sha1-q6CBGEbCL8rM7sRir7JKoNlqqm0=",
      "requires": {
        "epoll": "^2.0.3",
        "lodash.debounce": "^4.0.8"
      },
      "dependencies": {
        "epoll": {
          "version": "2.0.3",
          "resolved": "https://registry.npmjs.org/epoll/-/epoll-2.0.3.tgz",
          "integrity": "sha1-axjytmteTfVorFVBSpJcO/DXGjY=",
          "requires": {
            "bindings": "^1.3.0",
            "nan": "^2.10.0"
          },
          "dependencies": {
            "bindings": {
              "version": "1.3.0",
              "resolved": "https://registry.npmjs.org/bindings/-/bindings-1.3.0.tgz",
              "integrity": "sha1-s0b27PapX1qBXFg5/HzbIlAvHtc="
            },
            "nan": {
              "version": "2.10.0",
              "resolved": "https://registry.npmjs.org/nan/-/nan-2.10.0.tgz",
              "integrity": "sha1-ltDNYQ69WNS03pzAxoKM2pnHVI8="
            }
          }
        },
        "lodash.debounce": {
          "version": "4.0.8",
          "resolved": "https://registry.npmjs.org/lodash.debounce/-/lodash.debounce-4.0.8.tgz",
          "integrity": "sha1-gteb/zCmfEAF/9XiUVMArZyk168="
        }
      }
    }
  }
}
